
Microsoft Visual Studio Solution File, Format Version 12.00
Project("{FAE04EC0-301F-11D3-BF4B-00C04F79EFBC}") = "ToDoList", "ToDoList\ToDoList.csproj", "{52E6E936-DC0C-4828-9867-B9438FAA2E20}"
EndProject
Global
	GlobalSection(SolutionConfigurationPlatforms) = preSolution
		Debug|Any CPU = Debug|Any CPU
		Release|Any CPU = Release|Any CPU
	EndGlobalSection
	GlobalSection(ProjectConfigurationPlatforms) = postSolution
		{52E6E936-DC0C-4828-9867-B9438FAA2E20}.Debug|Any CPU.ActiveCfg = Debug|Any CPU
		{52E6E936-DC0C-4828-9867-B9438FAA2E20}.Debug|Any CPU.Build.0 = Debug|Any CPU
		{52E6E936-DC0C-4828-9867-B9438FAA2E20}.Release|Any CPU.ActiveCfg = Release|Any CPU
		{52E6E936-DC0C-4828-9867-B9438FAA2E20}.Release|Any CPU.Build.0 = Release|Any CPU
	EndGlobalSection
EndGlobal
